
Microsoft Visual Studio Solution File, Format Version 12.00
# Visual Studio Version 17
VisualStudioVersion = 17.0.32126.317
MinimumVisualStudioVersion = 10.0.40219.1
Project("{FAE04EC0-301F-11D3-BF4B-00C04F79EFBC}") = "WebApplication2", "WebApplication2\WebApplication2.csproj", "{AB445C53-9775-4C66-BA5F-690F78073AAB}"
EndProject
Global
	GlobalSection(SolutionConfigurationPlatforms) = preSolution
		Debug|Any CPU = Debug|Any CPU
		Release|Any CPU = Release|Any CPU
	EndGlobalSection
	GlobalSection(ProjectConfigurationPlatforms) = postSolution
		{AB445C53-9775-4C66-BA5F-690F78073AAB}.Debug|Any CPU.ActiveCfg = Debug|Any CPU
		{AB445C53-9775-4C66-BA5F-690F78073AAB}.Debug|Any CPU.Build.0 = Debug|Any CPU
		{AB445C53-9775-4C66-BA5F-690F78073AAB}.Release|Any CPU.ActiveCfg = Release|Any CPU
		{AB445C53-9775-4C66-BA5F-690F78073AAB}.Release|Any CPU.Build.0 = Release|Any CPU
	EndGlobalSection
	GlobalSection(SolutionProperties) = preSolution
		HideSolutionNode = FALSE
	EndGlobalSection
	GlobalSection(ExtensibilityGlobals) = postSolution
		SolutionGuid = {D09A9581-496E-46D8-858E-9FFA2224F769}
	EndGlobalSection
EndGlobal
